<?xml version="1.0" encoding="utf-8"?>
<Project ToolsVersion="4.0" xmlns="http://schemas.microsoft.com/developer/msbuild/2003">
  <ItemGroup>
    <Filter Include="src">
      <UniqueIdentifier>{08e48396-bc3c-4a2e-9a1c-28a7f6972300}</UniqueIdentifier>
    </Filter>
    <Filter Include="src\console">
      <UniqueIdentifier>{1fa47a1b-87ed-4592-88f0-e9610d9de283}</UniqueIdentifier>
    </Filter>
    <Filter Include="src\memory_utils">
      <UniqueIdentifier>{a06bd0a1-0486-4de6-953c-37e9098a5dac}</UniqueIdentifier>
    </Filter>
    <Filter Include="libs">
      <UniqueIdentifier>{d2eab4fb-5655-43ef-9219-914dc23bcf97}</UniqueIdentifier>
    </Filter>
    <Filter Include="libs\minhook">
      <UniqueIdentifier>{c9cbb50c-ae97-4be4-818d-5cee56b176a9}</UniqueIdentifier>
    </Filter>
  </ItemGroup>
  <ItemGroup>
    <ClCompile Include="src\dllmain.cpp">
      <Filter>src</Filter>
    </ClCompile>
    <ClCompile Include="src\console\console.cpp">
      <Filter>src\console</Filter>
    </ClCompile>
    <ClCompile Include="src\memory_utils\memory_utils.cpp">
      <Filter>src\memory_utils</Filter>
    </ClCompile>
  </ItemGroup>
  <ItemGroup>
    <ClInclude Include="src\alternative.h">
      <Filter>src</Filter>
    </ClInclude>
    <ClInclude Include="src\console\console.h">
      <Filter>src\console</Filter>
    </ClInclude>
    <ClInclude Include="src\memory_utils\memory_utils.h">
      <Filter>src\memory_utils</Filter>
    </ClInclude>
    <ClInclude Include="libs\minhook\minhook.h">
      <Filter>libs\minhook</Filter>
    </ClInclude>
  </ItemGroup>
  <ItemGroup>
    <Library Include="libs\minhook\minhook.lib">
      <Filter>libs\minhook</Filter>
    </Library>
  </ItemGroup>
</Project>